
Microsoft Visual Studio Solution File, Format Version 12.00
# Visual Studio Version 17
VisualStudioVersion = 17.2.32630.192
MinimumVisualStudioVersion = 10.0.40219.1
Project("{FAE04EC0-301F-11D3-BF4B-00C04F79EFBC}") = "StringCalculator.UnitTests", "StringCalculatorUnitTests\StringCalculator.UnitTests.csproj", "{BD015AAA-3596-40F8-8696-09C295AA7180}"
EndProject
Project("{FAE04EC0-301F-11D3-BF4B-00C04F79EFBC}") = "StringCalculator.Domain", "StringCalculator.Domain\StringCalculator.Domain.csproj", "{FDFA89F9-1D64-4BB1-A4D9-37CEB92883D7}"
EndProject
Global
	GlobalSection(SolutionConfigurationPlatforms) = preSolution
		Debug|Any CPU = Debug|Any CPU
		Release|Any CPU = Release|Any CPU
	EndGlobalSection
	GlobalSection(ProjectConfigurationPlatforms) = postSolution
		{BD015AAA-3596-40F8-8696-09C295AA7180}.Debug|Any CPU.ActiveCfg = Debug|Any CPU
		{BD015AAA-3596-40F8-8696-09C295AA7180}.Debug|Any CPU.Build.0 = Debug|Any CPU
		{BD015AAA-3596-40F8-8696-09C295AA7180}.Release|Any CPU.ActiveCfg = Release|Any CPU
		{BD015AAA-3596-40F8-8696-09C295AA7180}.Release|Any CPU.Build.0 = Release|Any CPU
		{FDFA89F9-1D64-4BB1-A4D9-37CEB92883D7}.Debug|Any CPU.ActiveCfg = Debug|Any CPU
		{FDFA89F9-1D64-4BB1-A4D9-37CEB92883D7}.Debug|Any CPU.Build.0 = Debug|Any CPU
		{FDFA89F9-1D64-4BB1-A4D9-37CEB92883D7}.Release|Any CPU.ActiveCfg = Release|Any CPU
		{FDFA89F9-1D64-4BB1-A4D9-37CEB92883D7}.Release|Any CPU.Build.0 = Release|Any CPU
	EndGlobalSection
	GlobalSection(SolutionProperties) = preSolution
		HideSolutionNode = FALSE
	EndGlobalSection
	GlobalSection(ExtensibilityGlobals) = postSolution
		SolutionGuid = {895AEF33-046F-4F95-860A-14FE33D18A58}
	EndGlobalSection
EndGlobal
